
Microsoft Visual Studio Solution File, Format Version 12.00
# Visual Studio Version 17
VisualStudioVersion = 17.3.32901.215
MinimumVisualStudioVersion = 10.0.40219.1
Project("{FAE04EC0-301F-11D3-BF4B-00C04F79EFBC}") = "FilmovaDB", "FilmovaDB\FilmovaDB.csproj", "{BE3100F2-B3A1-4A18-A96F-1ED980C33796}"
EndProject
Global
	GlobalSection(SolutionConfigurationPlatforms) = preSolution
		Debug|Any CPU = Debug|Any CPU
		Release|Any CPU = Release|Any CPU
	EndGlobalSection
	GlobalSection(ProjectConfigurationPlatforms) = postSolution
		{BE3100F2-B3A1-4A18-A96F-1ED980C33796}.Debug|Any CPU.ActiveCfg = Debug|Any CPU
		{BE3100F2-B3A1-4A18-A96F-1ED980C33796}.Debug|Any CPU.Build.0 = Debug|Any CPU
		{BE3100F2-B3A1-4A18-A96F-1ED980C33796}.Release|Any CPU.ActiveCfg = Release|Any CPU
		{BE3100F2-B3A1-4A18-A96F-1ED980C33796}.Release|Any CPU.Build.0 = Release|Any CPU
	EndGlobalSection
	GlobalSection(SolutionProperties) = preSolution
		HideSolutionNode = FALSE
	EndGlobalSection
	GlobalSection(ExtensibilityGlobals) = postSolution
		SolutionGuid = {21FF12D8-E901-4B9F-BA4E-3420C75EC789}
	EndGlobalSection
EndGlobal
